
Microsoft Visual Studio Solution File, Format Version 9.00
# Visual Studio 2005
Project("{8BC9CEB8-8B4A-11D0-8D11-00A0C91BC942}") = "CxImage", "cximage\cximage.vcproj", "{DA8605F3-93D0-43AB-AE32-0BE7B7895E40}"
EndProject
Project("{8BC9CEB8-8B4A-11D0-8D11-00A0C91BC942}") = "CxImageCrtDll", "CxImage\CxImageDLL\CxImageCrtDll.vcproj", "{7A52FBD9-3E5D-4093-8063-C1F7A9E6ACC2}"
	ProjectSection(ProjectDependencies) = postProject
		{904D74F7-FB31-42AC-BCF6-D51538101F48} = {904D74F7-FB31-42AC-BCF6-D51538101F48}
		{21659A24-A005-4AA3-9139-7EA325E95D3F} = {21659A24-A005-4AA3-9139-7EA325E95D3F}
		{57E13A38-2ECD-478F-BAB6-6C26FBB45C39} = {57E13A38-2ECD-478F-BAB6-6C26FBB45C39}
		{2D695DF1-48A0-4154-BA54-90DB016DD16A} = {2D695DF1-48A0-4154-BA54-90DB016DD16A}
		{78A069DA-9E1F-4BFD-A1D1-61FB4345FF3E} = {78A069DA-9E1F-4BFD-A1D1-61FB4345FF3E}
		{03A46B98-CF7F-4E7F-A190-DF9DDFB55DCE} = {03A46B98-CF7F-4E7F-A190-DF9DDFB55DCE}
		{DC31B7AC-EE92-486A-8683-B09F619125E4} = {DC31B7AC-EE92-486A-8683-B09F619125E4}
		{DDED1F44-620C-49A6-95E0-0AE9B4F446B6} = {DDED1F44-620C-49A6-95E0-0AE9B4F446B6}
	EndProjectSection
EndProject
Project("{8BC9CEB8-8B4A-11D0-8D11-00A0C91BC942}") = "CxImageMfcDll", "CxImage\CxImageDLL\cximagemfcdll.vcproj", "{163CB108-95FC-4A08-8492-A565DC854EF9}"
	ProjectSection(ProjectDependencies) = postProject
		{904D74F7-FB31-42AC-BCF6-D51538101F48} = {904D74F7-FB31-42AC-BCF6-D51538101F48}
		{21659A24-A005-4AA3-9139-7EA325E95D3F} = {21659A24-A005-4AA3-9139-7EA325E95D3F}
		{57E13A38-2ECD-478F-BAB6-6C26FBB45C39} = {57E13A38-2ECD-478F-BAB6-6C26FBB45C39}
		{2D695DF1-48A0-4154-BA54-90DB016DD16A} = {2D695DF1-48A0-4154-BA54-90DB016DD16A}
		{78A069DA-9E1F-4BFD-A1D1-61FB4345FF3E} = {78A069DA-9E1F-4BFD-A1D1-61FB4345FF3E}
		{03A46B98-CF7F-4E7F-A190-DF9DDFB55DCE} = {03A46B98-CF7F-4E7F-A190-DF9DDFB55DCE}
		{DC31B7AC-EE92-486A-8683-B09F619125E4} = {DC31B7AC-EE92-486A-8683-B09F619125E4}
		{DDED1F44-620C-49A6-95E0-0AE9B4F446B6} = {DDED1F44-620C-49A6-95E0-0AE9B4F446B6}
	EndProjectSection
EndProject
Project("{8BC9CEB8-8B4A-11D0-8D11-00A0C91BC942}") = "demo", "demo\demo.vcproj", "{316C7EA8-5B56-4035-A6FA-6E294581C8D3}"
	ProjectSection(ProjectDependencies) = postProject
		{904D74F7-FB31-42AC-BCF6-D51538101F48} = {904D74F7-FB31-42AC-BCF6-D51538101F48}
		{57E13A38-2ECD-478F-BAB6-6C26FBB45C39} = {57E13A38-2ECD-478F-BAB6-6C26FBB45C39}
		{DDED1F44-620C-49A6-95E0-0AE9B4F446B6} = {DDED1F44-620C-49A6-95E0-0AE9B4F446B6}
		{21659A24-A005-4AA3-9139-7EA325E95D3F} = {21659A24-A005-4AA3-9139-7EA325E95D3F}
		{2D695DF1-48A0-4154-BA54-90DB016DD16A} = {2D695DF1-48A0-4154-BA54-90DB016DD16A}
		{78A069DA-9E1F-4BFD-A1D1-61FB4345FF3E} = {78A069DA-9E1F-4BFD-A1D1-61FB4345FF3E}
		{03A46B98-CF7F-4E7F-A190-DF9DDFB55DCE} = {03A46B98-CF7F-4E7F-A190-DF9DDFB55DCE}
		{DC31B7AC-EE92-486A-8683-B09F619125E4} = {DC31B7AC-EE92-486A-8683-B09F619125E4}
		{DA8605F3-93D0-43AB-AE32-0BE7B7895E40} = {DA8605F3-93D0-43AB-AE32-0BE7B7895E40}
	EndProjectSection
EndProject
Project("{8BC9CEB8-8B4A-11D0-8D11-00A0C91BC942}") = "demoDll", "demo\demoDLL.vcproj", "{F505E04C-761C-42B1-953A-EACA95166C57}"
	ProjectSection(ProjectDependencies) = postProject
		{7A52FBD9-3E5D-4093-8063-C1F7A9E6ACC2} = {7A52FBD9-3E5D-4093-8063-C1F7A9E6ACC2}
	EndProjectSection
EndProject
Project("{8BC9CEB8-8B4A-11D0-8D11-00A0C91BC942}") = "jasper", "jasper\jasper.vcproj", "{57E13A38-2ECD-478F-BAB6-6C26FBB45C39}"
EndProject
Project("{8BC9CEB8-8B4A-11D0-8D11-00A0C91BC942}") = "jbig", "jbig\jbig.vcproj", "{DDED1F44-620C-49A6-95E0-0AE9B4F446B6}"
EndProject
Project("{8BC9CEB8-8B4A-11D0-8D11-00A0C91BC942}") = "jpeg", "jpeg\Jpeg.vcproj", "{DC31B7AC-EE92-486A-8683-B09F619125E4}"
EndProject
Project("{8BC9CEB8-8B4A-11D0-8D11-00A0C91BC942}") = "libdcr", "raw\libdcr.vcproj", "{904D74F7-FB31-42AC-BCF6-D51538101F48}"
EndProject
Project("{8BC9CEB8-8B4A-11D0-8D11-00A0C91BC942}") = "mng", "mng\mng.vcproj", "{21659A24-A005-4AA3-9139-7EA325E95D3F}"
EndProject
Project("{8BC9CEB8-8B4A-11D0-8D11-00A0C91BC942}") = "png", "png\png.vcproj", "{03A46B98-CF7F-4E7F-A190-DF9DDFB55DCE}"
EndProject
Project("{8BC9CEB8-8B4A-11D0-8D11-00A0C91BC942}") = "tiff", "tiff\Tiff.vcproj", "{78A069DA-9E1F-4BFD-A1D1-61FB4345FF3E}"
EndProject
Project("{8BC9CEB8-8B4A-11D0-8D11-00A0C91BC942}") = "zlib", "zlib\zlib.vcproj", "{2D695DF1-48A0-4154-BA54-90DB016DD16A}"
EndProject
Global
	GlobalSection(SolutionConfigurationPlatforms) = preSolution
		Debug|Win32 = Debug|Win32
		Release|Win32 = Release|Win32
		Unicode Debug|Win32 = Unicode Debug|Win32
		Unicode Release|Win32 = Unicode Release|Win32
	EndGlobalSection
	GlobalSection(ProjectConfigurationPlatforms) = postSolution
		{DA8605F3-93D0-43AB-AE32-0BE7B7895E40}.Debug|Win32.ActiveCfg = Debug|Win32
		{DA8605F3-93D0-43AB-AE32-0BE7B7895E40}.Debug|Win32.Build.0 = Debug|Win32
		{DA8605F3-93D0-43AB-AE32-0BE7B7895E40}.Release|Win32.ActiveCfg = Release|Win32
		{DA8605F3-93D0-43AB-AE32-0BE7B7895E40}.Release|Win32.Build.0 = Release|Win32
		{DA8605F3-93D0-43AB-AE32-0BE7B7895E40}.Unicode Debug|Win32.ActiveCfg = Unicode Debug|Win32
		{DA8605F3-93D0-43AB-AE32-0BE7B7895E40}.Unicode Debug|Win32.Build.0 = Unicode Debug|Win32
		{DA8605F3-93D0-43AB-AE32-0BE7B7895E40}.Unicode Release|Win32.ActiveCfg = Unicode Release|Win32
		{DA8605F3-93D0-43AB-AE32-0BE7B7895E40}.Unicode Release|Win32.Build.0 = Unicode Release|Win32
		{7A52FBD9-3E5D-4093-8063-C1F7A9E6ACC2}.Debug|Win32.ActiveCfg = Debug|Win32
		{7A52FBD9-3E5D-4093-8063-C1F7A9E6ACC2}.Debug|Win32.Build.0 = Debug|Win32
		{7A52FBD9-3E5D-4093-8063-C1F7A9E6ACC2}.Release|Win32.ActiveCfg = Release|Win32
		{7A52FBD9-3E5D-4093-8063-C1F7A9E6ACC2}.Release|Win32.Build.0 = Release|Win32
		{7A52FBD9-3E5D-4093-8063-C1F7A9E6ACC2}.Unicode Debug|Win32.ActiveCfg = Unicode Debug|Win32
		{7A52FBD9-3E5D-4093-8063-C1F7A9E6ACC2}.Unicode Debug|Win32.Build.0 = Unicode Debug|Win32
		{7A52FBD9-3E5D-4093-8063-C1F7A9E6ACC2}.Unicode Release|Win32.ActiveCfg = Unicode Release|Win32
		{7A52FBD9-3E5D-4093-8063-C1F7A9E6ACC2}.Unicode Release|Win32.Build.0 = Unicode Release|Win32
		{163CB108-95FC-4A08-8492-A565DC854EF9}.Debug|Win32.ActiveCfg = Debug|Win32
		{163CB108-95FC-4A08-8492-A565DC854EF9}.Debug|Win32.Build.0 = Debug|Win32
		{163CB108-95FC-4A08-8492-A565DC854EF9}.Release|Win32.ActiveCfg = Release|Win32
		{163CB108-95FC-4A08-8492-A565DC854EF9}.Release|Win32.Build.0 = Release|Win32
		{163CB108-95FC-4A08-8492-A565DC854EF9}.Unicode Debug|Win32.ActiveCfg = Unicode Debug|Win32
		{163CB108-95FC-4A08-8492-A565DC854EF9}.Unicode Debug|Win32.Build.0 = Unicode Debug|Win32
		{163CB108-95FC-4A08-8492-A565DC854EF9}.Unicode Release|Win32.ActiveCfg = Unicode Release|Win32
		{163CB108-95FC-4A08-8492-A565DC854EF9}.Unicode Release|Win32.Build.0 = Unicode Release|Win32
		{316C7EA8-5B56-4035-A6FA-6E294581C8D3}.Debug|Win32.ActiveCfg = Debug|Win32
		{316C7EA8-5B56-4035-A6FA-6E294581C8D3}.Debug|Win32.Build.0 = Debug|Win32
		{316C7EA8-5B56-4035-A6FA-6E294581C8D3}.Release|Win32.ActiveCfg = Release|Win32
		{316C7EA8-5B56-4035-A6FA-6E294581C8D3}.Release|Win32.Build.0 = Release|Win32
		{316C7EA8-5B56-4035-A6FA-6E294581C8D3}.Unicode Debug|Win32.ActiveCfg = Unicode Debug|Win32
		{316C7EA8-5B56-4035-A6FA-6E294581C8D3}.Unicode Debug|Win32.Build.0 = Unicode Debug|Win32
		{316C7EA8-5B56-4035-A6FA-6E294581C8D3}.Unicode Release|Win32.ActiveCfg = Unicode Release|Win32
		{316C7EA8-5B56-4035-A6FA-6E294581C8D3}.Unicode Release|Win32.Build.0 = Unicode Release|Win32
		{F505E04C-761C-42B1-953A-EACA95166C57}.Debug|Win32.ActiveCfg = Debug|Win32
		{F505E04C-761C-42B1-953A-EACA95166C57}.Debug|Win32.Build.0 = Debug|Win32
		{F505E04C-761C-42B1-953A-EACA95166C57}.Release|Win32.ActiveCfg = Release|Win32
		{F505E04C-761C-42B1-953A-EACA95166C57}.Release|Win32.Build.0 = Release|Win32
		{F505E04C-761C-42B1-953A-EACA95166C57}.Unicode Debug|Win32.ActiveCfg = Unicode Debug|Win32
		{F505E04C-761C-42B1-953A-EACA95166C57}.Unicode Debug|Win32.Build.0 = Unicode Debug|Win32
		{F505E04C-761C-42B1-953A-EACA95166C57}.Unicode Release|Win32.ActiveCfg = Unicode Release|Win32
		{F505E04C-761C-42B1-953A-EACA95166C57}.Unicode Release|Win32.Build.0 = Unicode Release|Win32
		{57E13A38-2ECD-478F-BAB6-6C26FBB45C39}.Debug|Win32.ActiveCfg = Debug|Win32
		{57E13A38-2ECD-478F-BAB6-6C26FBB45C39}.Debug|Win32.Build.0 = Debug|Win32
		{57E13A38-2ECD-478F-BAB6-6C26FBB45C39}.Release|Win32.ActiveCfg = Release|Win32
		{57E13A38-2ECD-478F-BAB6-6C26FBB45C39}.Release|Win32.Build.0 = Release|Win32
		{57E13A38-2ECD-478F-BAB6-6C26FBB45C39}.Unicode Debug|Win32.ActiveCfg = Unicode Debug|Win32
		{57E13A38-2ECD-478F-BAB6-6C26FBB45C39}.Unicode Debug|Win32.Build.0 = Unicode Debug|Win32
		{57E13A38-2ECD-478F-BAB6-6C26FBB45C39}.Unicode Release|Win32.ActiveCfg = Unicode Release|Win32
		{57E13A38-2ECD-478F-BAB6-6C26FBB45C39}.Unicode Release|Win32.Build.0 = Unicode Release|Win32
		{DDED1F44-620C-49A6-95E0-0AE9B4F446B6}.Debug|Win32.ActiveCfg = Debug|Win32
		{DDED1F44-620C-49A6-95E0-0AE9B4F446B6}.Debug|Win32.Build.0 = Debug|Win32
		{DDED1F44-620C-49A6-95E0-0AE9B4F446B6}.Release|Win32.ActiveCfg = Release|Win32
		{DDED1F44-620C-49A6-95E0-0AE9B4F446B6}.Release|Win32.Build.0 = Release|Win32
		{DDED1F44-620C-49A6-95E0-0AE9B4F446B6}.Unicode Debug|Win32.ActiveCfg = Unicode Debug|Win32
		{DDED1F44-620C-49A6-95E0-0AE9B4F446B6}.Unicode Debug|Win32.Build.0 = Unicode Debug|Win32
		{DDED1F44-620C-49A6-95E0-0AE9B4F446B6}.Unicode Release|Win32.ActiveCfg = Unicode Release|Win32
		{DDED1F44-620C-49A6-95E0-0AE9B4F446B6}.Unicode Release|Win32.Build.0 = Unicode Release|Win32
		{DC31B7AC-EE92-486A-8683-B09F619125E4}.Debug|Win32.ActiveCfg = Debug|Win32
		{DC31B7AC-EE92-486A-8683-B09F619125E4}.Debug|Win32.Build.0 = Debug|Win32
		{DC31B7AC-EE92-486A-8683-B09F619125E4}.Release|Win32.ActiveCfg = Release|Win32
		{DC31B7AC-EE92-486A-8683-B09F619125E4}.Release|Win32.Build.0 = Release|Win32
		{DC31B7AC-EE92-486A-8683-B09F619125E4}.Unicode Debug|Win32.ActiveCfg = Unicode Debug|Win32
		{DC31B7AC-EE92-486A-8683-B09F619125E4}.Unicode Debug|Win32.Build.0 = Unicode Debug|Win32
		{DC31B7AC-EE92-486A-8683-B09F619125E4}.Unicode Release|Win32.ActiveCfg = Unicode Release|Win32
		{DC31B7AC-EE92-486A-8683-B09F619125E4}.Unicode Release|Win32.Build.0 = Unicode Release|Win32
		{904D74F7-FB31-42AC-BCF6-D51538101F48}.Debug|Win32.ActiveCfg = Debug|Win32
		{904D74F7-FB31-42AC-BCF6-D51538101F48}.Debug|Win32.Build.0 = Debug|Win32
		{904D74F7-FB31-42AC-BCF6-D51538101F48}.Release|Win32.ActiveCfg = Release|Win32
		{904D74F7-FB31-42AC-BCF6-D51538101F48}.Release|Win32.Build.0 = Release|Win32
		{904D74F7-FB31-42AC-BCF6-D51538101F48}.Unicode Debug|Win32.ActiveCfg = Unicode Debug|Win32
		{904D74F7-FB31-42AC-BCF6-D51538101F48}.Unicode Debug|Win32.Build.0 = Unicode Debug|Win32
		{904D74F7-FB31-42AC-BCF6-D51538101F48}.Unicode Release|Win32.ActiveCfg = Unicode Release|Win32
		{904D74F7-FB31-42AC-BCF6-D51538101F48}.Unicode Release|Win32.Build.0 = Unicode Release|Win32
		{21659A24-A005-4AA3-9139-7EA325E95D3F}.Debug|Win32.ActiveCfg = Debug|Win32
		{21659A24-A005-4AA3-9139-7EA325E95D3F}.Debug|Win32.Build.0 = Debug|Win32
		{21659A24-A005-4AA3-9139-7EA325E95D3F}.Release|Win32.ActiveCfg = Release|Win32
		{21659A24-A005-4AA3-9139-7EA325E95D3F}.Release|Win32.Build.0 = Release|Win32
		{21659A24-A005-4AA3-9139-7EA325E95D3F}.Unicode Debug|Win32.ActiveCfg = Unicode Debug|Win32
		{21659A24-A005-4AA3-9139-7EA325E95D3F}.Unicode Debug|Win32.Build.0 = Unicode Debug|Win32
		{21659A24-A005-4AA3-9139-7EA325E95D3F}.Unicode Release|Win32.ActiveCfg = Unicode Release|Win32
		{21659A24-A005-4AA3-9139-7EA325E95D3F}.Unicode Release|Win32.Build.0 = Unicode Release|Win32
		{03A46B98-CF7F-4E7F-A190-DF9DDFB55DCE}.Debug|Win32.ActiveCfg = Debug|Win32
		{03A46B98-CF7F-4E7F-A190-DF9DDFB55DCE}.Debug|Win32.Build.0 = Debug|Win32
		{03A46B98-CF7F-4E7F-A190-DF9DDFB55DCE}.Release|Win32.ActiveCfg = Release|Win32
		{03A46B98-CF7F-4E7F-A190-DF9DDFB55DCE}.Release|Win32.Build.0 = Release|Win32
		{03A46B98-CF7F-4E7F-A190-DF9DDFB55DCE}.Unicode Debug|Win32.ActiveCfg = Unicode Debug|Win32
		{03A46B98-CF7F-4E7F-A190-DF9DDFB55DCE}.Unicode Debug|Win32.Build.0 = Unicode Debug|Win32
		{03A46B98-CF7F-4E7F-A190-DF9DDFB55DCE}.Unicode Release|Win32.ActiveCfg = Unicode Release|Win32
		{03A46B98-CF7F-4E7F-A190-DF9DDFB55DCE}.Unicode Release|Win32.Build.0 = Unicode Release|Win32
		{78A069DA-9E1F-4BFD-A1D1-61FB4345FF3E}.Debug|Win32.ActiveCfg = Debug|Win32
		{78A069DA-9E1F-4BFD-A1D1-61FB4345FF3E}.Debug|Win32.Build.0 = Debug|Win32
		{78A069DA-9E1F-4BFD-A1D1-61FB4345FF3E}.Release|Win32.ActiveCfg = Release|Win32
		{78A069DA-9E1F-4BFD-A1D1-61FB4345FF3E}.Release|Win32.Build.0 = Release|Win32
		{78A069DA-9E1F-4BFD-A1D1-61FB4345FF3E}.Unicode Debug|Win32.ActiveCfg = Unicode Debug|Win32
		{78A069DA-9E1F-4BFD-A1D1-61FB4345FF3E}.Unicode Debug|Win32.Build.0 = Unicode Debug|Win32
		{78A069DA-9E1F-4BFD-A1D1-61FB4345FF3E}.Unicode Release|Win32.ActiveCfg = Unicode Release|Win32
		{78A069DA-9E1F-4BFD-A1D1-61FB4345FF3E}.Unicode Release|Win32.Build.0 = Unicode Release|Win32
		{2D695DF1-48A0-4154-BA54-90DB016DD16A}.Debug|Win32.ActiveCfg = Debug|Win32
		{2D695DF1-48A0-4154-BA54-90DB016DD16A}.Debug|Win32.Build.0 = Debug|Win32
		{2D695DF1-48A0-4154-BA54-90DB016DD16A}.Release|Win32.ActiveCfg = Release|Win32
		{2D695DF1-48A0-4154-BA54-90DB016DD16A}.Release|Win32.Build.0 = Release|Win32
		{2D695DF1-48A0-4154-BA54-90DB016DD16A}.Unicode Debug|Win32.ActiveCfg = Unicode Debug|Win32
		{2D695DF1-48A0-4154-BA54-90DB016DD16A}.Unicode Debug|Win32.Build.0 = Unicode Debug|Win32
		{2D695DF1-48A0-4154-BA54-90DB016DD16A}.Unicode Release|Win32.ActiveCfg = Unicode Release|Win32
		{2D695DF1-48A0-4154-BA54-90DB016DD16A}.Unicode Release|Win32.Build.0 = Unicode Release|Win32
	EndGlobalSection
	GlobalSection(SolutionProperties) = preSolution
		HideSolutionNode = FALSE
	EndGlobalSection
EndGlobal
